{
  "name": "wkno",
  "version": "0.0.4",
  "lockfileVersion": 1,
  "requires": true,
  "dependencies": {
    "lol": {
      "version": "github:makemepulse/lol.js#f26eea78c6eef4babd77393a211647e4a6d81a57"
    },
    "when": {
      "version": "3.7.8",
      "resolved": "https://registry.npmjs.org/when/-/when-3.7.8.tgz",
      "integrity": "sha1-xxMLan6gRpPoQs3J56Hyqjmjn4I="
    },
    "wk-argv-parser": {
      "version": "github:wk-js/argv-parser#d8a70d5ffee8fe20e9828db12e7b796f36f7e13c",
      "requires": {
        "lol": "github:makemepulse/lol.js#f26eea78c6eef4babd77393a211647e4a6d81a57"
      },
      "dependencies": {
        "lol": {
          "version": "github:makemepulse/lol.js#f26eea78c6eef4babd77393a211647e4a6d81a57"
        }
      }
    }
  }
}
