{
  "name": "wkno",
  "version": "0.0.1",
  "lockfileVersion": 1,
  "requires": true,
  "dependencies": {
    "lol": {
      "version": "github:makemepulse/lol.js#f26eea78c6eef4babd77393a211647e4a6d81a57"
    },
    "when": {
      "version": "3.7.8",
      "resolved": "https://registry.npmjs.org/when/-/when-3.7.8.tgz",
      "integrity": "sha1-xxMLan6gRpPoQs3J56Hyqjmjn4I="
    },
    "wk-argv-parser": {
      "version": "github:wk-js/argv-parser#db40006909e1f67add10e2833652c438a2b46695",
      "requires": {
        "lol": "github:makemepulse/lol.js#f26eea78c6eef4babd77393a211647e4a6d81a57"
      }
    }
  }
}
